
Microsoft Visual Studio Solution File, Format Version 11.00
# Visual Studio 2010
Project("{96E2B04D-8817-42C6-938A-82C39BA4D311}") = "Content", "Content\Content.contentproj", "{896835CF-97D2-435E-B479-EC3E848B47D5}"
EndProject
Global
	GlobalSection(SolutionConfigurationPlatforms) = preSolution
		Debug|Any CPU = Debug|Any CPU
	EndGlobalSection
	GlobalSection(ProjectConfigurationPlatforms) = postSolution
		{896835CF-97D2-435E-B479-EC3E848B47D5}.Debug|Any CPU.ActiveCfg = Debug|Any CPU
	EndGlobalSection
	GlobalSection(SolutionProperties) = preSolution
		HideSolutionNode = FALSE
	EndGlobalSection
EndGlobal
